{
  "name": "console-tcp",
  "version": "0.0.0",
  "lockfileVersion": 1,
  "requires": true,
  "dependencies": {
    "@types/node": {
      "version": "6.0.105",
      "resolved": "https://registry.npmjs.org/@types/node/-/node-6.0.105.tgz",
      "integrity": "sha512-fMIbw7iw91TSInS3b2DtDse5VaQEZqs0oTjvRNIFHnoHbnji+dLwpzL1L6dYGL39RzDNPHM/Off+VNcMk4ahwQ==",
      "dev": true
    }
  }
}
