
Microsoft Visual Studio Solution File, Format Version 12.00
# Visual Studio 15
VisualStudioVersion = 15.0.27130.2010
MinimumVisualStudioVersion = 10.0.40219.1
Project("{FAE04EC0-301F-11D3-BF4B-00C04F79EFBC}") = "JSModuleTest", "JSModuleTest\JSModuleTest.csproj", "{EB9BE5D4-5DA9-4A35-BDE0-A032E242B632}"
EndProject
Global
	GlobalSection(SolutionConfigurationPlatforms) = preSolution
		Debug|Any CPU = Debug|Any CPU
		Release|Any CPU = Release|Any CPU
	EndGlobalSection
	GlobalSection(ProjectConfigurationPlatforms) = postSolution
		{EB9BE5D4-5DA9-4A35-BDE0-A032E242B632}.Debug|Any CPU.ActiveCfg = Debug|Any CPU
		{EB9BE5D4-5DA9-4A35-BDE0-A032E242B632}.Debug|Any CPU.Build.0 = Debug|Any CPU
		{EB9BE5D4-5DA9-4A35-BDE0-A032E242B632}.Release|Any CPU.ActiveCfg = Release|Any CPU
		{EB9BE5D4-5DA9-4A35-BDE0-A032E242B632}.Release|Any CPU.Build.0 = Release|Any CPU
	EndGlobalSection
	GlobalSection(SolutionProperties) = preSolution
		HideSolutionNode = FALSE
	EndGlobalSection
	GlobalSection(ExtensibilityGlobals) = postSolution
		SolutionGuid = {CF801EB9-D892-4269-B270-6E57260B0098}
	EndGlobalSection
EndGlobal
