
Microsoft Visual Studio Solution File, Format Version 12.00
# Visual Studio 15
VisualStudioVersion = 15.0.26206.0
MinimumVisualStudioVersion = 10.0.40219.1
Project("{9A19103F-16F7-4668-BE54-9A1E7A4F7556}") = "ChakraCore.NET", "ChakraCore.NET\ChakraCore.NET.csproj", "{0F1318AA-A49F-4829-A072-6863BF3A63C4}"
EndProject
Project("{9A19103F-16F7-4668-BE54-9A1E7A4F7556}") = "ChakraCore.NET.UnitTest", "ChakraCore.NET.UnitTest\ChakraCore.NET.UnitTest.csproj", "{C773AB57-68E5-4F15-ACE1-CA60D5640BFD}"
EndProject
Project("{FAE04EC0-301F-11D3-BF4B-00C04F79EFBC}") = "ChakraCore.NET.Extension.SharedMemoryObjects", "ChakraCore.NET.Extension.SharedMemoryObjects\ChakraCore.NET.Extension.SharedMemoryObjects.csproj", "{373B3E61-4EAB-4A51-8B18-ED3636F3390C}"
EndProject
Project("{FAE04EC0-301F-11D3-BF4B-00C04F79EFBC}") = "ChakraCore.NET.Extension.Promise", "ChakraCore.NET.Extension.Promise\ChakraCore.NET.Extension.Promise.csproj", "{56435C48-E20D-4C48-B126-1E630384FBBA}"
EndProject
Global
	GlobalSection(SolutionConfigurationPlatforms) = preSolution
		Debug|Any CPU = Debug|Any CPU
		Debug|ARM = Debug|ARM
		Debug|x64 = Debug|x64
		Debug|x86 = Debug|x86
		Release|Any CPU = Release|Any CPU
		Release|ARM = Release|ARM
		Release|x64 = Release|x64
		Release|x86 = Release|x86
	EndGlobalSection
	GlobalSection(ProjectConfigurationPlatforms) = postSolution
		{0F1318AA-A49F-4829-A072-6863BF3A63C4}.Debug|Any CPU.ActiveCfg = Debug|Any CPU
		{0F1318AA-A49F-4829-A072-6863BF3A63C4}.Debug|Any CPU.Build.0 = Debug|Any CPU
		{0F1318AA-A49F-4829-A072-6863BF3A63C4}.Debug|ARM.ActiveCfg = Debug|Any CPU
		{0F1318AA-A49F-4829-A072-6863BF3A63C4}.Debug|ARM.Build.0 = Debug|Any CPU
		{0F1318AA-A49F-4829-A072-6863BF3A63C4}.Debug|x64.ActiveCfg = Debug|x64
		{0F1318AA-A49F-4829-A072-6863BF3A63C4}.Debug|x64.Build.0 = Debug|x64
		{0F1318AA-A49F-4829-A072-6863BF3A63C4}.Debug|x86.ActiveCfg = Debug|x86
		{0F1318AA-A49F-4829-A072-6863BF3A63C4}.Debug|x86.Build.0 = Debug|x86
		{0F1318AA-A49F-4829-A072-6863BF3A63C4}.Release|Any CPU.ActiveCfg = Release|Any CPU
		{0F1318AA-A49F-4829-A072-6863BF3A63C4}.Release|Any CPU.Build.0 = Release|Any CPU
		{0F1318AA-A49F-4829-A072-6863BF3A63C4}.Release|ARM.ActiveCfg = Release|Any CPU
		{0F1318AA-A49F-4829-A072-6863BF3A63C4}.Release|ARM.Build.0 = Release|Any CPU
		{0F1318AA-A49F-4829-A072-6863BF3A63C4}.Release|x64.ActiveCfg = Release|x64
		{0F1318AA-A49F-4829-A072-6863BF3A63C4}.Release|x64.Build.0 = Release|x64
		{0F1318AA-A49F-4829-A072-6863BF3A63C4}.Release|x86.ActiveCfg = Release|x86
		{0F1318AA-A49F-4829-A072-6863BF3A63C4}.Release|x86.Build.0 = Release|x86
		{C773AB57-68E5-4F15-ACE1-CA60D5640BFD}.Debug|Any CPU.ActiveCfg = Debug|Any CPU
		{C773AB57-68E5-4F15-ACE1-CA60D5640BFD}.Debug|Any CPU.Build.0 = Debug|Any CPU
		{C773AB57-68E5-4F15-ACE1-CA60D5640BFD}.Debug|ARM.ActiveCfg = Debug|Any CPU
		{C773AB57-68E5-4F15-ACE1-CA60D5640BFD}.Debug|ARM.Build.0 = Debug|Any CPU
		{C773AB57-68E5-4F15-ACE1-CA60D5640BFD}.Debug|x64.ActiveCfg = Debug|x64
		{C773AB57-68E5-4F15-ACE1-CA60D5640BFD}.Debug|x64.Build.0 = Debug|x64
		{C773AB57-68E5-4F15-ACE1-CA60D5640BFD}.Debug|x86.ActiveCfg = Debug|x86
		{C773AB57-68E5-4F15-ACE1-CA60D5640BFD}.Debug|x86.Build.0 = Debug|x86
		{C773AB57-68E5-4F15-ACE1-CA60D5640BFD}.Release|Any CPU.ActiveCfg = Release|Any CPU
		{C773AB57-68E5-4F15-ACE1-CA60D5640BFD}.Release|Any CPU.Build.0 = Release|Any CPU
		{C773AB57-68E5-4F15-ACE1-CA60D5640BFD}.Release|ARM.ActiveCfg = Release|Any CPU
		{C773AB57-68E5-4F15-ACE1-CA60D5640BFD}.Release|ARM.Build.0 = Release|Any CPU
		{C773AB57-68E5-4F15-ACE1-CA60D5640BFD}.Release|x64.ActiveCfg = Release|x64
		{C773AB57-68E5-4F15-ACE1-CA60D5640BFD}.Release|x64.Build.0 = Release|x64
		{C773AB57-68E5-4F15-ACE1-CA60D5640BFD}.Release|x86.ActiveCfg = Release|x86
		{C773AB57-68E5-4F15-ACE1-CA60D5640BFD}.Release|x86.Build.0 = Release|x86
		{373B3E61-4EAB-4A51-8B18-ED3636F3390C}.Debug|Any CPU.ActiveCfg = Debug|Any CPU
		{373B3E61-4EAB-4A51-8B18-ED3636F3390C}.Debug|Any CPU.Build.0 = Debug|Any CPU
		{373B3E61-4EAB-4A51-8B18-ED3636F3390C}.Debug|ARM.ActiveCfg = Debug|Any CPU
		{373B3E61-4EAB-4A51-8B18-ED3636F3390C}.Debug|ARM.Build.0 = Debug|Any CPU
		{373B3E61-4EAB-4A51-8B18-ED3636F3390C}.Debug|x64.ActiveCfg = Debug|x64
		{373B3E61-4EAB-4A51-8B18-ED3636F3390C}.Debug|x64.Build.0 = Debug|x64
		{373B3E61-4EAB-4A51-8B18-ED3636F3390C}.Debug|x86.ActiveCfg = Debug|x86
		{373B3E61-4EAB-4A51-8B18-ED3636F3390C}.Debug|x86.Build.0 = Debug|x86
		{373B3E61-4EAB-4A51-8B18-ED3636F3390C}.Release|Any CPU.ActiveCfg = Release|Any CPU
		{373B3E61-4EAB-4A51-8B18-ED3636F3390C}.Release|Any CPU.Build.0 = Release|Any CPU
		{373B3E61-4EAB-4A51-8B18-ED3636F3390C}.Release|ARM.ActiveCfg = Release|Any CPU
		{373B3E61-4EAB-4A51-8B18-ED3636F3390C}.Release|ARM.Build.0 = Release|Any CPU
		{373B3E61-4EAB-4A51-8B18-ED3636F3390C}.Release|x64.ActiveCfg = Release|x64
		{373B3E61-4EAB-4A51-8B18-ED3636F3390C}.Release|x64.Build.0 = Release|x64
		{373B3E61-4EAB-4A51-8B18-ED3636F3390C}.Release|x86.ActiveCfg = Release|x86
		{373B3E61-4EAB-4A51-8B18-ED3636F3390C}.Release|x86.Build.0 = Release|x86
		{56435C48-E20D-4C48-B126-1E630384FBBA}.Debug|Any CPU.ActiveCfg = Debug|Any CPU
		{56435C48-E20D-4C48-B126-1E630384FBBA}.Debug|Any CPU.Build.0 = Debug|Any CPU
		{56435C48-E20D-4C48-B126-1E630384FBBA}.Debug|ARM.ActiveCfg = Debug|Any CPU
		{56435C48-E20D-4C48-B126-1E630384FBBA}.Debug|ARM.Build.0 = Debug|Any CPU
		{56435C48-E20D-4C48-B126-1E630384FBBA}.Debug|x64.ActiveCfg = Debug|x64
		{56435C48-E20D-4C48-B126-1E630384FBBA}.Debug|x64.Build.0 = Debug|x64
		{56435C48-E20D-4C48-B126-1E630384FBBA}.Debug|x86.ActiveCfg = Debug|x86
		{56435C48-E20D-4C48-B126-1E630384FBBA}.Debug|x86.Build.0 = Debug|x86
		{56435C48-E20D-4C48-B126-1E630384FBBA}.Release|Any CPU.ActiveCfg = Release|Any CPU
		{56435C48-E20D-4C48-B126-1E630384FBBA}.Release|Any CPU.Build.0 = Release|Any CPU
		{56435C48-E20D-4C48-B126-1E630384FBBA}.Release|ARM.ActiveCfg = Release|Any CPU
		{56435C48-E20D-4C48-B126-1E630384FBBA}.Release|ARM.Build.0 = Release|Any CPU
		{56435C48-E20D-4C48-B126-1E630384FBBA}.Release|x64.ActiveCfg = Release|x64
		{56435C48-E20D-4C48-B126-1E630384FBBA}.Release|x64.Build.0 = Release|x64
		{56435C48-E20D-4C48-B126-1E630384FBBA}.Release|x86.ActiveCfg = Release|x86
		{56435C48-E20D-4C48-B126-1E630384FBBA}.Release|x86.Build.0 = Release|x86
	EndGlobalSection
	GlobalSection(SolutionProperties) = preSolution
		HideSolutionNode = FALSE
	EndGlobalSection
EndGlobal
