
Microsoft Visual Studio Solution File, Format Version 12.00
# Visual Studio 15
VisualStudioVersion = 15.0.27428.2015
MinimumVisualStudioVersion = 10.0.40219.1
Project("{FAE04EC0-301F-11D3-BF4B-00C04F79EFBC}") = "PauseEngine", "PauseEngine\PauseEngine.csproj", "{E94F4ACE-E74E-4508-B744-834C9A20C9C9}"
EndProject
Global
	GlobalSection(SolutionConfigurationPlatforms) = preSolution
		Debug|Any CPU = Debug|Any CPU
		Release|Any CPU = Release|Any CPU
	EndGlobalSection
	GlobalSection(ProjectConfigurationPlatforms) = postSolution
		{E94F4ACE-E74E-4508-B744-834C9A20C9C9}.Debug|Any CPU.ActiveCfg = Debug|Any CPU
		{E94F4ACE-E74E-4508-B744-834C9A20C9C9}.Debug|Any CPU.Build.0 = Debug|Any CPU
		{E94F4ACE-E74E-4508-B744-834C9A20C9C9}.Release|Any CPU.ActiveCfg = Release|Any CPU
		{E94F4ACE-E74E-4508-B744-834C9A20C9C9}.Release|Any CPU.Build.0 = Release|Any CPU
	EndGlobalSection
	GlobalSection(SolutionProperties) = preSolution
		HideSolutionNode = FALSE
	EndGlobalSection
	GlobalSection(ExtensibilityGlobals) = postSolution
		SolutionGuid = {8210E508-804A-40F9-AD25-488AF5CAF9FF}
	EndGlobalSection
EndGlobal
